
Microsoft Visual Studio Solution File, Format Version 12.00
# Visual Studio 15
VisualStudioVersion = 15.0.26124.0
MinimumVisualStudioVersion = 15.0.26124.0
Project("{FAE04EC0-301F-11D3-BF4B-00C04F79EFBC}") = "CentralAPI", "CentralAPI\CentralAPI.csproj", "{C501A253-EE7C-4A3D-942D-05FD530C0F85}"
EndProject
Project("{2150E333-8FDC-42A3-9474-1A3956D46DE8}") = "PrivateParkAPI", "PrivateParkAPI", "{B3448B13-92AF-4820-91D5-4DF368BB5173}"
EndProject
Project("{FAE04EC0-301F-11D3-BF4B-00C04F79EFBC}") = "PrivateParkAPI", "PrivateParkAPI\PrivateParkAPI\PrivateParkAPI.csproj", "{133A62D1-BB30-423A-B56B-5BE9C367829A}"
EndProject
Project("{2150E333-8FDC-42A3-9474-1A3956D46DE8}") = "PublicParkAPI", "PublicParkAPI", "{AAA0F388-56A9-4604-9D8A-2BCF82092A98}"
EndProject
Project("{FAE04EC0-301F-11D3-BF4B-00C04F79EFBC}") = "PublicParkAPI", "PublicParkAPI\PublicParkAPI\PublicParkAPI.csproj", "{028A4E2C-F937-4E34-8F9E-993E3D413828}"
EndProject
Project("{FAE04EC0-301F-11D3-BF4B-00C04F79EFBC}") = "testCentralAPI", "testCentralAPI\testCentralAPI.csproj", "{32C6EA8E-3876-4D30-A317-010893AD463C}"
EndProject
Global
	GlobalSection(SolutionConfigurationPlatforms) = preSolution
		Debug|Any CPU = Debug|Any CPU
		Debug|x64 = Debug|x64
		Debug|x86 = Debug|x86
		Release|Any CPU = Release|Any CPU
		Release|x64 = Release|x64
		Release|x86 = Release|x86
	EndGlobalSection
	GlobalSection(SolutionProperties) = preSolution
		HideSolutionNode = FALSE
	EndGlobalSection
	GlobalSection(ProjectConfigurationPlatforms) = postSolution
		{C501A253-EE7C-4A3D-942D-05FD530C0F85}.Debug|Any CPU.ActiveCfg = Debug|Any CPU
		{C501A253-EE7C-4A3D-942D-05FD530C0F85}.Debug|Any CPU.Build.0 = Debug|Any CPU
		{C501A253-EE7C-4A3D-942D-05FD530C0F85}.Debug|x64.ActiveCfg = Debug|Any CPU
		{C501A253-EE7C-4A3D-942D-05FD530C0F85}.Debug|x64.Build.0 = Debug|Any CPU
		{C501A253-EE7C-4A3D-942D-05FD530C0F85}.Debug|x86.ActiveCfg = Debug|Any CPU
		{C501A253-EE7C-4A3D-942D-05FD530C0F85}.Debug|x86.Build.0 = Debug|Any CPU
		{C501A253-EE7C-4A3D-942D-05FD530C0F85}.Release|Any CPU.ActiveCfg = Release|Any CPU
		{C501A253-EE7C-4A3D-942D-05FD530C0F85}.Release|Any CPU.Build.0 = Release|Any CPU
		{C501A253-EE7C-4A3D-942D-05FD530C0F85}.Release|x64.ActiveCfg = Release|Any CPU
		{C501A253-EE7C-4A3D-942D-05FD530C0F85}.Release|x64.Build.0 = Release|Any CPU
		{C501A253-EE7C-4A3D-942D-05FD530C0F85}.Release|x86.ActiveCfg = Release|Any CPU
		{C501A253-EE7C-4A3D-942D-05FD530C0F85}.Release|x86.Build.0 = Release|Any CPU
		{133A62D1-BB30-423A-B56B-5BE9C367829A}.Debug|Any CPU.ActiveCfg = Debug|Any CPU
		{133A62D1-BB30-423A-B56B-5BE9C367829A}.Debug|Any CPU.Build.0 = Debug|Any CPU
		{133A62D1-BB30-423A-B56B-5BE9C367829A}.Debug|x64.ActiveCfg = Debug|Any CPU
		{133A62D1-BB30-423A-B56B-5BE9C367829A}.Debug|x64.Build.0 = Debug|Any CPU
		{133A62D1-BB30-423A-B56B-5BE9C367829A}.Debug|x86.ActiveCfg = Debug|Any CPU
		{133A62D1-BB30-423A-B56B-5BE9C367829A}.Debug|x86.Build.0 = Debug|Any CPU
		{133A62D1-BB30-423A-B56B-5BE9C367829A}.Release|Any CPU.ActiveCfg = Release|Any CPU
		{133A62D1-BB30-423A-B56B-5BE9C367829A}.Release|Any CPU.Build.0 = Release|Any CPU
		{133A62D1-BB30-423A-B56B-5BE9C367829A}.Release|x64.ActiveCfg = Release|Any CPU
		{133A62D1-BB30-423A-B56B-5BE9C367829A}.Release|x64.Build.0 = Release|Any CPU
		{133A62D1-BB30-423A-B56B-5BE9C367829A}.Release|x86.ActiveCfg = Release|Any CPU
		{133A62D1-BB30-423A-B56B-5BE9C367829A}.Release|x86.Build.0 = Release|Any CPU
		{028A4E2C-F937-4E34-8F9E-993E3D413828}.Debug|Any CPU.ActiveCfg = Debug|Any CPU
		{028A4E2C-F937-4E34-8F9E-993E3D413828}.Debug|Any CPU.Build.0 = Debug|Any CPU
		{028A4E2C-F937-4E34-8F9E-993E3D413828}.Debug|x64.ActiveCfg = Debug|Any CPU
		{028A4E2C-F937-4E34-8F9E-993E3D413828}.Debug|x64.Build.0 = Debug|Any CPU
		{028A4E2C-F937-4E34-8F9E-993E3D413828}.Debug|x86.ActiveCfg = Debug|Any CPU
		{028A4E2C-F937-4E34-8F9E-993E3D413828}.Debug|x86.Build.0 = Debug|Any CPU
		{028A4E2C-F937-4E34-8F9E-993E3D413828}.Release|Any CPU.ActiveCfg = Release|Any CPU
		{028A4E2C-F937-4E34-8F9E-993E3D413828}.Release|Any CPU.Build.0 = Release|Any CPU
		{028A4E2C-F937-4E34-8F9E-993E3D413828}.Release|x64.ActiveCfg = Release|Any CPU
		{028A4E2C-F937-4E34-8F9E-993E3D413828}.Release|x64.Build.0 = Release|Any CPU
		{028A4E2C-F937-4E34-8F9E-993E3D413828}.Release|x86.ActiveCfg = Release|Any CPU
		{028A4E2C-F937-4E34-8F9E-993E3D413828}.Release|x86.Build.0 = Release|Any CPU
		{32C6EA8E-3876-4D30-A317-010893AD463C}.Debug|Any CPU.ActiveCfg = Debug|Any CPU
		{32C6EA8E-3876-4D30-A317-010893AD463C}.Debug|Any CPU.Build.0 = Debug|Any CPU
		{32C6EA8E-3876-4D30-A317-010893AD463C}.Debug|x64.ActiveCfg = Debug|Any CPU
		{32C6EA8E-3876-4D30-A317-010893AD463C}.Debug|x64.Build.0 = Debug|Any CPU
		{32C6EA8E-3876-4D30-A317-010893AD463C}.Debug|x86.ActiveCfg = Debug|Any CPU
		{32C6EA8E-3876-4D30-A317-010893AD463C}.Debug|x86.Build.0 = Debug|Any CPU
		{32C6EA8E-3876-4D30-A317-010893AD463C}.Release|Any CPU.ActiveCfg = Release|Any CPU
		{32C6EA8E-3876-4D30-A317-010893AD463C}.Release|Any CPU.Build.0 = Release|Any CPU
		{32C6EA8E-3876-4D30-A317-010893AD463C}.Release|x64.ActiveCfg = Release|Any CPU
		{32C6EA8E-3876-4D30-A317-010893AD463C}.Release|x64.Build.0 = Release|Any CPU
		{32C6EA8E-3876-4D30-A317-010893AD463C}.Release|x86.ActiveCfg = Release|Any CPU
		{32C6EA8E-3876-4D30-A317-010893AD463C}.Release|x86.Build.0 = Release|Any CPU
	EndGlobalSection
	GlobalSection(NestedProjects) = preSolution
		{133A62D1-BB30-423A-B56B-5BE9C367829A} = {B3448B13-92AF-4820-91D5-4DF368BB5173}
		{028A4E2C-F937-4E34-8F9E-993E3D413828} = {AAA0F388-56A9-4604-9D8A-2BCF82092A98}
	EndGlobalSection
EndGlobal
