
Microsoft Visual Studio Solution File, Format Version 12.00
# Visual Studio Version 16
VisualStudioVersion = 16.0.30907.101
MinimumVisualStudioVersion = 10.0.40219.1
Project("{FAE04EC0-301F-11D3-BF4B-00C04F79EFBC}") = "PrivateParkAPI", "PrivateParkAPI\PrivateParkAPI.csproj", "{EA6EFAAE-8578-411F-9C92-3742080E1791}"
EndProject
Project("{FAE04EC0-301F-11D3-BF4B-00C04F79EFBC}") = "testPrivateParkAPI", "testPrivateParkAPI\testPrivateParkAPI.csproj", "{38D6E5EB-0688-4DBD-A264-57AF5926362E}"
EndProject
Global
	GlobalSection(SolutionConfigurationPlatforms) = preSolution
		Debug|Any CPU = Debug|Any CPU
		Release|Any CPU = Release|Any CPU
	EndGlobalSection
	GlobalSection(ProjectConfigurationPlatforms) = postSolution
		{EA6EFAAE-8578-411F-9C92-3742080E1791}.Debug|Any CPU.ActiveCfg = Debug|Any CPU
		{EA6EFAAE-8578-411F-9C92-3742080E1791}.Debug|Any CPU.Build.0 = Debug|Any CPU
		{EA6EFAAE-8578-411F-9C92-3742080E1791}.Release|Any CPU.ActiveCfg = Release|Any CPU
		{EA6EFAAE-8578-411F-9C92-3742080E1791}.Release|Any CPU.Build.0 = Release|Any CPU
		{38D6E5EB-0688-4DBD-A264-57AF5926362E}.Debug|Any CPU.ActiveCfg = Debug|Any CPU
		{38D6E5EB-0688-4DBD-A264-57AF5926362E}.Debug|Any CPU.Build.0 = Debug|Any CPU
		{38D6E5EB-0688-4DBD-A264-57AF5926362E}.Release|Any CPU.ActiveCfg = Release|Any CPU
		{38D6E5EB-0688-4DBD-A264-57AF5926362E}.Release|Any CPU.Build.0 = Release|Any CPU
	EndGlobalSection
	GlobalSection(SolutionProperties) = preSolution
		HideSolutionNode = FALSE
	EndGlobalSection
	GlobalSection(ExtensibilityGlobals) = postSolution
		SolutionGuid = {C6F2A59D-F150-4290-95E2-7C57DB1CB166}
	EndGlobalSection
EndGlobal
